
Microsoft Visual Studio Solution File, Format Version 12.00
# Visual Studio Version 17
VisualStudioVersion = 17.12.35521.163
MinimumVisualStudioVersion = 10.0.40219.1
Project("{FAE04EC0-301F-11D3-BF4B-00C04F79EFBC}") = "SimpleClassExample", "SimpleClassExample\SimpleClassExample.csproj", "{6AE05A55-0C18-43CB-87F7-00F4EABDFEA8}"
EndProject
Project("{FAE04EC0-301F-11D3-BF4B-00C04F79EFBC}") = "StaticDataAndMembers", "StaticDataAndMembers\StaticDataAndMembers.csproj", "{A0A8CEC0-9F84-45C9-96D2-873ED4CABB39}"
EndProject
Project("{FAE04EC0-301F-11D3-BF4B-00C04F79EFBC}") = "EmployeeApp", "EmployeeApp\EmployeeApp.csproj", "{8C1AF6A5-F99F-40A8-AB40-247B9BC18DB1}"
EndProject
Project("{FAE04EC0-301F-11D3-BF4B-00C04F79EFBC}") = "AutoProps", "AutoProps\AutoProps.csproj", "{8DC956FB-4991-47A3-B426-ED9303EE964F}"
EndProject
Project("{FAE04EC0-301F-11D3-BF4B-00C04F79EFBC}") = "ObjectInitializers", "ObjectInitializers\ObjectInitializers.csproj", "{271087C7-1DF4-40A4-A973-07A9732624D5}"
EndProject
Project("{FAE04EC0-301F-11D3-BF4B-00C04F79EFBC}") = "ReadOnlyPointAfterCreation", "ReadOnlyPointAfterCreation\ReadOnlyPointAfterCreation.csproj", "{A8712127-23D1-4F40-86FB-CAB43CD94FBB}"
EndProject
Project("{FAE04EC0-301F-11D3-BF4B-00C04F79EFBC}") = "FunWithRecords", "FunWithRecords\FunWithRecords.csproj", "{97342733-2A96-4192-99CA-D7693DEB7BC8}"
EndProject
Project("{FAE04EC0-301F-11D3-BF4B-00C04F79EFBC}") = "BasicInheritance", "BasicInheritance\BasicInheritance.csproj", "{94F0F019-AF5B-4604-A52F-B0A3E34D1CDC}"
EndProject
Project("{FAE04EC0-301F-11D3-BF4B-00C04F79EFBC}") = "Employees", "Employees\Employees.csproj", "{9DA333DC-BAB8-4890-BFC3-32BFDAB420ED}"
EndProject
Project("{FAE04EC0-301F-11D3-BF4B-00C04F79EFBC}") = "RecordInheritance", "RecordInheritance\RecordInheritance.csproj", "{F1BB6473-7A25-4628-8B3B-12A79D5F52D2}"
EndProject
Project("{FAE04EC0-301F-11D3-BF4B-00C04F79EFBC}") = "MyDelegat", "MyDelegat\MyDelegat.csproj", "{1F15B59A-E71B-4AD7-824D-44D76E754091}"
EndProject
Global
	GlobalSection(SolutionConfigurationPlatforms) = preSolution
		Debug|Any CPU = Debug|Any CPU
		Release|Any CPU = Release|Any CPU
	EndGlobalSection
	GlobalSection(ProjectConfigurationPlatforms) = postSolution
		{6AE05A55-0C18-43CB-87F7-00F4EABDFEA8}.Debug|Any CPU.ActiveCfg = Debug|Any CPU
		{6AE05A55-0C18-43CB-87F7-00F4EABDFEA8}.Debug|Any CPU.Build.0 = Debug|Any CPU
		{6AE05A55-0C18-43CB-87F7-00F4EABDFEA8}.Release|Any CPU.ActiveCfg = Release|Any CPU
		{6AE05A55-0C18-43CB-87F7-00F4EABDFEA8}.Release|Any CPU.Build.0 = Release|Any CPU
		{A0A8CEC0-9F84-45C9-96D2-873ED4CABB39}.Debug|Any CPU.ActiveCfg = Debug|Any CPU
		{A0A8CEC0-9F84-45C9-96D2-873ED4CABB39}.Debug|Any CPU.Build.0 = Debug|Any CPU
		{A0A8CEC0-9F84-45C9-96D2-873ED4CABB39}.Release|Any CPU.ActiveCfg = Release|Any CPU
		{A0A8CEC0-9F84-45C9-96D2-873ED4CABB39}.Release|Any CPU.Build.0 = Release|Any CPU
		{8C1AF6A5-F99F-40A8-AB40-247B9BC18DB1}.Debug|Any CPU.ActiveCfg = Debug|Any CPU
		{8C1AF6A5-F99F-40A8-AB40-247B9BC18DB1}.Debug|Any CPU.Build.0 = Debug|Any CPU
		{8C1AF6A5-F99F-40A8-AB40-247B9BC18DB1}.Release|Any CPU.ActiveCfg = Release|Any CPU
		{8C1AF6A5-F99F-40A8-AB40-247B9BC18DB1}.Release|Any CPU.Build.0 = Release|Any CPU
		{8DC956FB-4991-47A3-B426-ED9303EE964F}.Debug|Any CPU.ActiveCfg = Debug|Any CPU
		{8DC956FB-4991-47A3-B426-ED9303EE964F}.Debug|Any CPU.Build.0 = Debug|Any CPU
		{8DC956FB-4991-47A3-B426-ED9303EE964F}.Release|Any CPU.ActiveCfg = Release|Any CPU
		{8DC956FB-4991-47A3-B426-ED9303EE964F}.Release|Any CPU.Build.0 = Release|Any CPU
		{271087C7-1DF4-40A4-A973-07A9732624D5}.Debug|Any CPU.ActiveCfg = Debug|Any CPU
		{271087C7-1DF4-40A4-A973-07A9732624D5}.Debug|Any CPU.Build.0 = Debug|Any CPU
		{271087C7-1DF4-40A4-A973-07A9732624D5}.Release|Any CPU.ActiveCfg = Release|Any CPU
		{271087C7-1DF4-40A4-A973-07A9732624D5}.Release|Any CPU.Build.0 = Release|Any CPU
		{A8712127-23D1-4F40-86FB-CAB43CD94FBB}.Debug|Any CPU.ActiveCfg = Debug|Any CPU
		{A8712127-23D1-4F40-86FB-CAB43CD94FBB}.Debug|Any CPU.Build.0 = Debug|Any CPU
		{A8712127-23D1-4F40-86FB-CAB43CD94FBB}.Release|Any CPU.ActiveCfg = Release|Any CPU
		{A8712127-23D1-4F40-86FB-CAB43CD94FBB}.Release|Any CPU.Build.0 = Release|Any CPU
		{97342733-2A96-4192-99CA-D7693DEB7BC8}.Debug|Any CPU.ActiveCfg = Debug|Any CPU
		{97342733-2A96-4192-99CA-D7693DEB7BC8}.Debug|Any CPU.Build.0 = Debug|Any CPU
		{97342733-2A96-4192-99CA-D7693DEB7BC8}.Release|Any CPU.ActiveCfg = Release|Any CPU
		{97342733-2A96-4192-99CA-D7693DEB7BC8}.Release|Any CPU.Build.0 = Release|Any CPU
		{94F0F019-AF5B-4604-A52F-B0A3E34D1CDC}.Debug|Any CPU.ActiveCfg = Debug|Any CPU
		{94F0F019-AF5B-4604-A52F-B0A3E34D1CDC}.Debug|Any CPU.Build.0 = Debug|Any CPU
		{94F0F019-AF5B-4604-A52F-B0A3E34D1CDC}.Release|Any CPU.ActiveCfg = Release|Any CPU
		{94F0F019-AF5B-4604-A52F-B0A3E34D1CDC}.Release|Any CPU.Build.0 = Release|Any CPU
		{9DA333DC-BAB8-4890-BFC3-32BFDAB420ED}.Debug|Any CPU.ActiveCfg = Debug|Any CPU
		{9DA333DC-BAB8-4890-BFC3-32BFDAB420ED}.Debug|Any CPU.Build.0 = Debug|Any CPU
		{9DA333DC-BAB8-4890-BFC3-32BFDAB420ED}.Release|Any CPU.ActiveCfg = Release|Any CPU
		{9DA333DC-BAB8-4890-BFC3-32BFDAB420ED}.Release|Any CPU.Build.0 = Release|Any CPU
		{F1BB6473-7A25-4628-8B3B-12A79D5F52D2}.Debug|Any CPU.ActiveCfg = Debug|Any CPU
		{F1BB6473-7A25-4628-8B3B-12A79D5F52D2}.Debug|Any CPU.Build.0 = Debug|Any CPU
		{F1BB6473-7A25-4628-8B3B-12A79D5F52D2}.Release|Any CPU.ActiveCfg = Release|Any CPU
		{F1BB6473-7A25-4628-8B3B-12A79D5F52D2}.Release|Any CPU.Build.0 = Release|Any CPU
		{1F15B59A-E71B-4AD7-824D-44D76E754091}.Debug|Any CPU.ActiveCfg = Debug|Any CPU
		{1F15B59A-E71B-4AD7-824D-44D76E754091}.Debug|Any CPU.Build.0 = Debug|Any CPU
		{1F15B59A-E71B-4AD7-824D-44D76E754091}.Release|Any CPU.ActiveCfg = Release|Any CPU
		{1F15B59A-E71B-4AD7-824D-44D76E754091}.Release|Any CPU.Build.0 = Release|Any CPU
	EndGlobalSection
	GlobalSection(SolutionProperties) = preSolution
		HideSolutionNode = FALSE
	EndGlobalSection
EndGlobal
